
Microsoft Visual Studio Solution File, Format Version 12.00
# Visual Studio Version 17
VisualStudioVersion = 17.0.31903.59
MinimumVisualStudioVersion = 10.0.40219.1
Project("{2150E333-8FDC-42A3-9474-1A3956D46DE8}") = "QuantityMeasurementApp", "QuantityMeasurementApp", "{7E54C822-180B-8947-C6D3-E6BF01F039F3}"
EndProject
Project("{FAE04EC0-301F-11D3-BF4B-00C04F79EFBC}") = "yard-equality", "QuantityMeasurementApp\yard-equality.csproj", "{95C0D696-3495-419A-9F4C-79BDE7E51447}"
EndProject
Project("{FAE04EC0-301F-11D3-BF4B-00C04F79EFBC}") = "QuantityMeasurementTests", "QuantityMeasurementTests\QuantityMeasurementTests.csproj", "{87FC4CEA-DFF1-4648-86E4-F07063F43044}"
EndProject
Global
	GlobalSection(SolutionConfigurationPlatforms) = preSolution
		Debug|Any CPU = Debug|Any CPU
		Debug|x64 = Debug|x64
		Debug|x86 = Debug|x86
		Release|Any CPU = Release|Any CPU
		Release|x64 = Release|x64
		Release|x86 = Release|x86
	EndGlobalSection
	GlobalSection(ProjectConfigurationPlatforms) = postSolution
		{95C0D696-3495-419A-9F4C-79BDE7E51447}.Debug|Any CPU.ActiveCfg = Debug|Any CPU
		{95C0D696-3495-419A-9F4C-79BDE7E51447}.Debug|Any CPU.Build.0 = Debug|Any CPU
		{95C0D696-3495-419A-9F4C-79BDE7E51447}.Debug|x64.ActiveCfg = Debug|Any CPU
		{95C0D696-3495-419A-9F4C-79BDE7E51447}.Debug|x64.Build.0 = Debug|Any CPU
		{95C0D696-3495-419A-9F4C-79BDE7E51447}.Debug|x86.ActiveCfg = Debug|Any CPU
		{95C0D696-3495-419A-9F4C-79BDE7E51447}.Debug|x86.Build.0 = Debug|Any CPU
		{95C0D696-3495-419A-9F4C-79BDE7E51447}.Release|Any CPU.ActiveCfg = Release|Any CPU
		{95C0D696-3495-419A-9F4C-79BDE7E51447}.Release|Any CPU.Build.0 = Release|Any CPU
		{95C0D696-3495-419A-9F4C-79BDE7E51447}.Release|x64.ActiveCfg = Release|Any CPU
		{95C0D696-3495-419A-9F4C-79BDE7E51447}.Release|x64.Build.0 = Release|Any CPU
		{95C0D696-3495-419A-9F4C-79BDE7E51447}.Release|x86.ActiveCfg = Release|Any CPU
		{95C0D696-3495-419A-9F4C-79BDE7E51447}.Release|x86.Build.0 = Release|Any CPU
		{87FC4CEA-DFF1-4648-86E4-F07063F43044}.Debug|Any CPU.ActiveCfg = Debug|Any CPU
		{87FC4CEA-DFF1-4648-86E4-F07063F43044}.Debug|Any CPU.Build.0 = Debug|Any CPU
		{87FC4CEA-DFF1-4648-86E4-F07063F43044}.Debug|x64.ActiveCfg = Debug|Any CPU
		{87FC4CEA-DFF1-4648-86E4-F07063F43044}.Debug|x64.Build.0 = Debug|Any CPU
		{87FC4CEA-DFF1-4648-86E4-F07063F43044}.Debug|x86.ActiveCfg = Debug|Any CPU
		{87FC4CEA-DFF1-4648-86E4-F07063F43044}.Debug|x86.Build.0 = Debug|Any CPU
		{87FC4CEA-DFF1-4648-86E4-F07063F43044}.Release|Any CPU.ActiveCfg = Release|Any CPU
		{87FC4CEA-DFF1-4648-86E4-F07063F43044}.Release|Any CPU.Build.0 = Release|Any CPU
		{87FC4CEA-DFF1-4648-86E4-F07063F43044}.Release|x64.ActiveCfg = Release|Any CPU
		{87FC4CEA-DFF1-4648-86E4-F07063F43044}.Release|x64.Build.0 = Release|Any CPU
		{87FC4CEA-DFF1-4648-86E4-F07063F43044}.Release|x86.ActiveCfg = Release|Any CPU
		{87FC4CEA-DFF1-4648-86E4-F07063F43044}.Release|x86.Build.0 = Release|Any CPU
	EndGlobalSection
	GlobalSection(SolutionProperties) = preSolution
		HideSolutionNode = FALSE
	EndGlobalSection
	GlobalSection(NestedProjects) = preSolution
		{95C0D696-3495-419A-9F4C-79BDE7E51447} = {7E54C822-180B-8947-C6D3-E6BF01F039F3}
	EndGlobalSection
EndGlobal
