Microsoft Visual Studio Solution File, Format Version 12.00
# Visual Studio Version 17
VisualStudioVersion = 17.7.33505.137
MinimumVisualStudioVersion = 10.0.40219.1
Project("{FAE04EC0-301F-11D3-BF4B-00C04F79EFBC}") = "QuantityMeasurementApp", "QuantityMeasurementApp\QuantityMeasurementApp.csproj", "{GUID-APP}"
EndProject
Project("{FAE04EC0-301F-11D3-BF4B-00C04F79EFBC}") = "QuantityMeasurementTests", "QuantityMeasurementApp.Tests\QuantityMeasurementApp.Tests.csproj", "{GUID-TEST}"
EndProject
Global
	GlobalSection(SolutionConfigurationPlatforms) = preSolution
		Debug|Any CPU = Debug|Any CPU
		Release|Any CPU = Release|Any CPU
	EndGlobalSection
	GlobalSection(ProjectConfigurationPlatforms) = postSolution
		{GUID-APP}.Debug|Any CPU.ActiveCfg = Debug|Any CPU
		{GUID-APP}.Debug|Any CPU.Build.0 = Debug|Any CPU
		{GUID-APP}.Release|Any CPU.ActiveCfg = Release|Any CPU
		{GUID-APP}.Release|Any CPU.Build.0 = Release|Any CPU
		{GUID-TEST}.Debug|Any CPU.ActiveCfg = Debug|Any CPU
		{GUID-TEST}.Debug|Any CPU.Build.0 = Debug|Any CPU
		{GUID-TEST}.Release|Any CPU.ActiveCfg = Release|Any CPU
		{GUID-TEST}.Release|Any CPU.Build.0 = Release|Any CPU
	EndGlobalSection
EndGlobal